{
  "name": "loadcsv",
  "version": "1.0.0",
  "lockfileVersion": 1,
  "requires": true,
  "dependencies": {
    "lodash": {
      "version": "4.17.11",
      "resolved": "http://registry.npm.taobao.org/lodash/download/lodash-4.17.11.tgz",
      "integrity": "sha1-s56mIp72B+zYniyN8SU2iRysm40="
    },
    "seedrandom": {
      "version": "2.4.4",
      "resolved": "http://registry.npm.taobao.org/seedrandom/download/seedrandom-2.4.4.tgz",
      "integrity": "sha1-sl6phjLHPkX1i3fPqpMWeN8B+bo="
    },
    "shuffle-seed": {
      "version": "1.1.6",
      "resolved": "http://registry.npm.taobao.org/shuffle-seed/download/shuffle-seed-1.1.6.tgz",
      "integrity": "sha1-UzwSaDurO0+j6HUfxOViFGdEJgs=",
      "requires": {
        "seedrandom": "^2.4.2"
      }
    }
  }
}
